// !$*UTF8*$!
{
	archiveVersion = 1;
	classes = {
	};
	objectVersion = 46;
	objects = {

/* Begin PBXBuildFile section */
		9E0D9A5B1C44859F0049A76C /* MainTableViewController.m in Sources */ = {isa = PBXBuildFile; fileRef = 9E0D9A5A1C44859F0049A76C /* MainTableViewController.m */; };
		9E0D9A671C44878F0049A76C /* MoreViewController.m in Sources */ = {isa = PBXBuildFile; fileRef = 9E0D9A631C44878F0049A76C /* MoreViewController.m */; };
		9E0D9A791C44AA2F0049A76C /* DiscoverController.m in Sources */ = {isa = PBXBuildFile; fileRef = 9E0D9A721C44AA2F0049A76C /* DiscoverController.m */; };
		9E0D9A7A1C44AA2F0049A76C /* DiscoverContViewCell.m in Sources */ = {isa = PBXBuildFile; fileRef = 9E0D9A771C44AA2F0049A76C /* DiscoverContViewCell.m */; };
		9E1BB5FA1C48E03E001E9AC5 /* AddrController.m in Sources */ = {isa = PBXBuildFile; fileRef = 9E1BB5F91C48E03E001E9AC5 /* AddrController.m */; };
		9E42C3C51C462AE1008F55B2 /* AddTableViewCell.m in Sources */ = {isa = PBXBuildFile; fileRef = 9E42C3C41C462AE1008F55B2 /* AddTableViewCell.m */; };
		9E42C3C81C462AFC008F55B2 /* HomeTableViewCell.m in Sources */ = {isa = PBXBuildFile; fileRef = 9E42C3C71C462AFC008F55B2 /* HomeTableViewCell.m */; };
		9E42C3CB1C462B13008F55B2 /* MessageTableViewCell.m in Sources */ = {isa = PBXBuildFile; fileRef = 9E42C3CA1C462B13008F55B2 /* MessageTableViewCell.m */; };
		9E42C3CE1C462B35008F55B2 /* ProfileTableViewCell.m in Sources */ = {isa = PBXBuildFile; fileRef = 9E42C3CD1C462B35008F55B2 /* ProfileTableViewCell.m */; };
		9E42C3D11C46343E008F55B2 /* MainTableView.m in Sources */ = {isa = PBXBuildFile; fileRef = 9E42C3D01C46343E008F55B2 /* MainTableView.m */; };
		9E42C3D41C46A4A8008F55B2 /* UIView+setFrame.m in Sources */ = {isa = PBXBuildFile; fileRef = 9E42C3D31C46A4A8008F55B2 /* UIView+setFrame.m */; };
		9E50B5B21C43B77400A93113 /* main.m in Sources */ = {isa = PBXBuildFile; fileRef = 9E50B5B11C43B77400A93113 /* main.m */; };
		9E50B5B51C43B77400A93113 /* AppDelegate.m in Sources */ = {isa = PBXBuildFile; fileRef = 9E50B5B41C43B77400A93113 /* AppDelegate.m */; };
		9E50B5BD1C43B77400A93113 /* Assets.xcassets in Resources */ = {isa = PBXBuildFile; fileRef = 9E50B5BC1C43B77400A93113 /* Assets.xcassets */; };
		9E50B5C01C43B77400A93113 /* LaunchScreen.storyboard in Resources */ = {isa = PBXBuildFile; fileRef = 9E50B5BE1C43B77400A93113 /* LaunchScreen.storyboard */; };
		9E50B5CB1C43B77400A93113 /* ____Tests.m in Sources */ = {isa = PBXBuildFile; fileRef = 9E50B5CA1C43B77400A93113 /* ____Tests.m */; };
		9E50B5D61C43B77400A93113 /* ____UITests.m in Sources */ = {isa = PBXBuildFile; fileRef = 9E50B5D51C43B77400A93113 /* ____UITests.m */; };
		9E50B6031C43BBB900A93113 /* HomeController.m in Sources */ = {isa = PBXBuildFile; fileRef = 9E50B6021C43BBB900A93113 /* HomeController.m */; };
		9E50B6061C43BBD600A93113 /* MessageController.m in Sources */ = {isa = PBXBuildFile; fileRef = 9E50B6051C43BBD600A93113 /* MessageController.m */; };
		9E50B6091C43BBF800A93113 /* ProfileController.m in Sources */ = {isa = PBXBuildFile; fileRef = 9E50B6081C43BBF800A93113 /* ProfileController.m */; };
		9E50B60C1C43BC5500A93113 /* MainViewController.m in Sources */ = {isa = PBXBuildFile; fileRef = 9E50B60B1C43BC5500A93113 /* MainViewController.m */; };
		FA589CE128DBA9E42E27F709 /* libPods.a in Frameworks */ = {isa = PBXBuildFile; fileRef = 9B5AA52396E5E914BCC7CBA6 /* libPods.a */; };
/* End PBXBuildFile section */

/* Begin PBXContainerItemProxy section */
		9E50B5C71C43B77400A93113 /* PBXContainerItemProxy */ = {
			isa = PBXContainerItemProxy;
			containerPortal = 9E50B5A51C43B77400A93113 /* Project object */;
			proxyType = 1;
			remoteGlobalIDString = 9E50B5AC1C43B77400A93113;
			remoteInfo = "通用框架";
		};
		9E50B5D21C43B77400A93113 /* PBXContainerItemProxy */ = {
			isa = PBXContainerItemProxy;
			containerPortal = 9E50B5A51C43B77400A93113 /* Project object */;
			proxyType = 1;
			remoteGlobalIDString = 9E50B5AC1C43B77400A93113;
			remoteInfo = "通用框架";
		};
/* End PBXContainerItemProxy section */

/* Begin PBXFileReference section */
		4A82AE6F2FD347F22013D456 /* Pods.debug.xcconfig */ = {isa = PBXFileReference; includeInIndex = 1; lastKnownFileType = text.xcconfig; name = Pods.debug.xcconfig; path = "Pods/Target Support Files/Pods/Pods.debug.xcconfig"; sourceTree = "<group>"; };
		9B5AA52396E5E914BCC7CBA6 /* libPods.a */ = {isa = PBXFileReference; explicitFileType = archive.ar; includeInIndex = 0; path = libPods.a; sourceTree = BUILT_PRODUCTS_DIR; };
		9E0D9A591C44859F0049A76C /* MainTableViewController.h */ = {isa = PBXFileReference; fileEncoding = 4; lastKnownFileType = sourcecode.c.h; path = MainTableViewController.h; sourceTree = "<group>"; };
		9E0D9A5A1C44859F0049A76C /* MainTableViewController.m */ = {isa = PBXFileReference; fileEncoding = 4; lastKnownFileType = sourcecode.c.objc; path = MainTableViewController.m; sourceTree = "<group>"; };
		9E0D9A621C44878F0049A76C /* MoreViewController.h */ = {isa = PBXFileReference; fileEncoding = 4; lastKnownFileType = sourcecode.c.h; path = MoreViewController.h; sourceTree = "<group>"; };
		9E0D9A631C44878F0049A76C /* MoreViewController.m */ = {isa = PBXFileReference; fileEncoding = 4; lastKnownFileType = sourcecode.c.objc; path = MoreViewController.m; sourceTree = "<group>"; };
		9E0D9A711C44AA2F0049A76C /* DiscoverController.h */ = {isa = PBXFileReference; fileEncoding = 4; lastKnownFileType = sourcecode.c.h; path = DiscoverController.h; sourceTree = "<group>"; };
		9E0D9A721C44AA2F0049A76C /* DiscoverController.m */ = {isa = PBXFileReference; fileEncoding = 4; lastKnownFileType = sourcecode.c.objc; path = DiscoverController.m; sourceTree = "<group>"; };
		9E0D9A761C44AA2F0049A76C /* DiscoverContViewCell.h */ = {isa = PBXFileReference; fileEncoding = 4; lastKnownFileType = sourcecode.c.h; path = DiscoverContViewCell.h; sourceTree = "<group>"; };
		9E0D9A771C44AA2F0049A76C /* DiscoverContViewCell.m */ = {isa = PBXFileReference; fileEncoding = 4; lastKnownFileType = sourcecode.c.objc; path = DiscoverContViewCell.m; sourceTree = "<group>"; };
		9E1BB5F81C48E03E001E9AC5 /* AddController.h */ = {isa = PBXFileReference; fileEncoding = 4; lastKnownFileType = sourcecode.c.h; path = AddController.h; sourceTree = "<group>"; };
		9E1BB5F91C48E03E001E9AC5 /* AddrController.m */ = {isa = PBXFileReference; fileEncoding = 4; lastKnownFileType = sourcecode.c.objc; path = AddrController.m; sourceTree = "<group>"; };
		9E42C3C31C462AE1008F55B2 /* AddTableViewCell.h */ = {isa = PBXFileReference; fileEncoding = 4; lastKnownFileType = sourcecode.c.h; name = AddTableViewCell.h; path = "通用框架/Classes/Main/View/AddTableViewCell.h"; sourceTree = SOURCE_ROOT; };
		9E42C3C41C462AE1008F55B2 /* AddTableViewCell.m */ = {isa = PBXFileReference; fileEncoding = 4; lastKnownFileType = sourcecode.c.objc; name = AddTableViewCell.m; path = "通用框架/Classes/Main/View/AddTableViewCell.m"; sourceTree = SOURCE_ROOT; };
		9E42C3C61C462AFC008F55B2 /* HomeTableViewCell.h */ = {isa = PBXFileReference; fileEncoding = 4; lastKnownFileType = sourcecode.c.h; path = HomeTableViewCell.h; sourceTree = "<group>"; };
		9E42C3C71C462AFC008F55B2 /* HomeTableViewCell.m */ = {isa = PBXFileReference; fileEncoding = 4; lastKnownFileType = sourcecode.c.objc; path = HomeTableViewCell.m; sourceTree = "<group>"; };
		9E42C3C91C462B13008F55B2 /* MessageTableViewCell.h */ = {isa = PBXFileReference; fileEncoding = 4; lastKnownFileType = sourcecode.c.h; path = MessageTableViewCell.h; sourceTree = "<group>"; };
		9E42C3CA1C462B13008F55B2 /* MessageTableViewCell.m */ = {isa = PBXFileReference; fileEncoding = 4; lastKnownFileType = sourcecode.c.objc; path = MessageTableViewCell.m; sourceTree = "<group>"; };
		9E42C3CC1C462B35008F55B2 /* ProfileTableViewCell.h */ = {isa = PBXFileReference; fileEncoding = 4; lastKnownFileType = sourcecode.c.h; path = ProfileTableViewCell.h; sourceTree = "<group>"; };
		9E42C3CD1C462B35008F55B2 /* ProfileTableViewCell.m */ = {isa = PBXFileReference; fileEncoding = 4; lastKnownFileType = sourcecode.c.objc; path = ProfileTableViewCell.m; sourceTree = "<group>"; };
		9E42C3CF1C46343E008F55B2 /* MainTableView.h */ = {isa = PBXFileReference; fileEncoding = 4; lastKnownFileType = sourcecode.c.h; path = MainTableView.h; sourceTree = "<group>"; };
		9E42C3D01C46343E008F55B2 /* MainTableView.m */ = {isa = PBXFileReference; fileEncoding = 4; lastKnownFileType = sourcecode.c.objc; path = MainTableView.m; sourceTree = "<group>"; };
		9E42C3D21C46A4A8008F55B2 /* UIView+setFrame.h */ = {isa = PBXFileReference; fileEncoding = 4; lastKnownFileType = sourcecode.c.h; path = "UIView+setFrame.h"; sourceTree = "<group>"; };
		9E42C3D31C46A4A8008F55B2 /* UIView+setFrame.m */ = {isa = PBXFileReference; fileEncoding = 4; lastKnownFileType = sourcecode.c.objc; path = "UIView+setFrame.m"; sourceTree = "<group>"; };
		9E50B5AD1C43B77400A93113 /* 通用框架.app */ = {isa = PBXFileReference; explicitFileType = wrapper.application; includeInIndex = 0; path = "通用框架.app"; sourceTree = BUILT_PRODUCTS_DIR; };
		9E50B5B11C43B77400A93113 /* main.m */ = {isa = PBXFileReference; lastKnownFileType = sourcecode.c.objc; path = main.m; sourceTree = "<group>"; };
		9E50B5B31C43B77400A93113 /* AppDelegate.h */ = {isa = PBXFileReference; lastKnownFileType = sourcecode.c.h; name = AppDelegate.h; path = ../../../AppDelegate.h; sourceTree = "<group>"; };
		9E50B5B41C43B77400A93113 /* AppDelegate.m */ = {isa = PBXFileReference; lastKnownFileType = sourcecode.c.objc; name = AppDelegate.m; path = ../../../AppDelegate.m; sourceTree = "<group>"; };
		9E50B5BC1C43B77400A93113 /* Assets.xcassets */ = {isa = PBXFileReference; lastKnownFileType = folder.assetcatalog; path = Assets.xcassets; sourceTree = "<group>"; };
		9E50B5BF1C43B77400A93113 /* Base */ = {isa = PBXFileReference; lastKnownFileType = file.storyboard; name = Base; path = Base.lproj/LaunchScreen.storyboard; sourceTree = "<group>"; };
		9E50B5C11C43B77400A93113 /* Info.plist */ = {isa = PBXFileReference; lastKnownFileType = text.plist.xml; path = Info.plist; sourceTree = "<group>"; };
		9E50B5C61C43B77400A93113 /* 通用框架Tests.xctest */ = {isa = PBXFileReference; explicitFileType = wrapper.cfbundle; includeInIndex = 0; path = "通用框架Tests.xctest"; sourceTree = BUILT_PRODUCTS_DIR; };
		9E50B5CA1C43B77400A93113 /* ____Tests.m */ = {isa = PBXFileReference; lastKnownFileType = sourcecode.c.objc; path = "____Tests.m"; sourceTree = "<group>"; };
		9E50B5CC1C43B77400A93113 /* Info.plist */ = {isa = PBXFileReference; lastKnownFileType = text.plist.xml; path = Info.plist; sourceTree = "<group>"; };
		9E50B5D11C43B77400A93113 /* 通用框架UITests.xctest */ = {isa = PBXFileReference; explicitFileType = wrapper.cfbundle; includeInIndex = 0; path = "通用框架UITests.xctest"; sourceTree = BUILT_PRODUCTS_DIR; };
		9E50B5D51C43B77400A93113 /* ____UITests.m */ = {isa = PBXFileReference; lastKnownFileType = sourcecode.c.objc; path = "____UITests.m"; sourceTree = "<group>"; };
		9E50B5D71C43B77400A93113 /* Info.plist */ = {isa = PBXFileReference; lastKnownFileType = text.plist.xml; path = Info.plist; sourceTree = "<group>"; };
		9E50B6011C43BBB900A93113 /* HomeController.h */ = {isa = PBXFileReference; fileEncoding = 4; lastKnownFileType = sourcecode.c.h; name = HomeController.h; path = ../HomeController.h; sourceTree = "<group>"; };
		9E50B6021C43BBB900A93113 /* HomeController.m */ = {isa = PBXFileReference; fileEncoding = 4; lastKnownFileType = sourcecode.c.objc; name = HomeController.m; path = ../HomeController.m; sourceTree = "<group>"; };
		9E50B6041C43BBD600A93113 /* MessageController.h */ = {isa = PBXFileReference; fileEncoding = 4; lastKnownFileType = sourcecode.c.h; path = MessageController.h; sourceTree = "<group>"; };
		9E50B6051C43BBD600A93113 /* MessageController.m */ = {isa = PBXFileReference; fileEncoding = 4; lastKnownFileType = sourcecode.c.objc; path = MessageController.m; sourceTree = "<group>"; };
		9E50B6071C43BBF800A93113 /* ProfileController.h */ = {isa = PBXFileReference; fileEncoding = 4; lastKnownFileType = sourcecode.c.h; path = ProfileController.h; sourceTree = "<group>"; };
		9E50B6081C43BBF800A93113 /* ProfileController.m */ = {isa = PBXFileReference; fileEncoding = 4; lastKnownFileType = sourcecode.c.objc; path = ProfileController.m; sourceTree = "<group>"; };
		9E50B60A1C43BC5500A93113 /* MainViewController.h */ = {isa = PBXFileReference; fileEncoding = 4; lastKnownFileType = sourcecode.c.h; path = MainViewController.h; sourceTree = "<group>"; };
		9E50B60B1C43BC5500A93113 /* MainViewController.m */ = {isa = PBXFileReference; fileEncoding = 4; lastKnownFileType = sourcecode.c.objc; path = MainViewController.m; sourceTree = "<group>"; };
		9E50B60D1C43BF7900A93113 /* Prefix.pch */ = {isa = PBXFileReference; lastKnownFileType = sourcecode.c.h; path = Prefix.pch; sourceTree = "<group>"; };
		A214681DE2460A93FDAD746E /* Pods.release.xcconfig */ = {isa = PBXFileReference; includeInIndex = 1; lastKnownFileType = text.xcconfig; name = Pods.release.xcconfig; path = "Pods/Target Support Files/Pods/Pods.release.xcconfig"; sourceTree = "<group>"; };
/* End PBXFileReference section */

/* Begin PBXFrameworksBuildPhase section */
		9E50B5AA1C43B77400A93113 /* Frameworks */ = {
			isa = PBXFrameworksBuildPhase;
			buildActionMask = 2147483647;
			files = (
				FA589CE128DBA9E42E27F709 /* libPods.a in Frameworks */,
			);
			runOnlyForDeploymentPostprocessing = 0;
		};
		9E50B5C31C43B77400A93113 /* Frameworks */ = {
			isa = PBXFrameworksBuildPhase;
			buildActionMask = 2147483647;
			files = (
			);
			runOnlyForDeploymentPostprocessing = 0;
		};
		9E50B5CE1C43B77400A93113 /* Frameworks */ = {
			isa = PBXFrameworksBuildPhase;
			buildActionMask = 2147483647;
			files = (
			);
			runOnlyForDeploymentPostprocessing = 0;
		};
/* End PBXFrameworksBuildPhase section */

/* Begin PBXGroup section */
		9E0D9A601C44878F0049A76C /* More */ = {
			isa = PBXGroup;
			children = (
				9E0D9A611C44878F0049A76C /* Controller  */,
				9E0D9A641C44878F0049A76C /* Model */,
				9E0D9A651C44878F0049A76C /* Other */,
				9E0D9A661C44878F0049A76C /* View */,
			);
			path = More;
			sourceTree = "<group>";
		};
		9E0D9A611C44878F0049A76C /* Controller  */ = {
			isa = PBXGroup;
			children = (
				9E0D9A621C44878F0049A76C /* MoreViewController.h */,
				9E0D9A631C44878F0049A76C /* MoreViewController.m */,
			);
			path = "Controller ";
			sourceTree = "<group>";
		};
		9E0D9A641C44878F0049A76C /* Model */ = {
			isa = PBXGroup;
			children = (
			);
			path = Model;
			sourceTree = "<group>";
		};
		9E0D9A651C44878F0049A76C /* Other */ = {
			isa = PBXGroup;
			children = (
			);
			path = Other;
			sourceTree = "<group>";
		};
		9E0D9A661C44878F0049A76C /* View */ = {
			isa = PBXGroup;
			children = (
			);
			path = View;
			sourceTree = "<group>";
		};
		9E0D9A681C44AA2F0049A76C /* Add */ = {
			isa = PBXGroup;
			children = (
				9E0D9A6B1C44AA2F0049A76C /* Controller */,
				9E0D9A6C1C44AA2F0049A76C /* Model */,
				9E0D9A6D1C44AA2F0049A76C /* Other */,
				9E0D9A6E1C44AA2F0049A76C /* View */,
			);
			path = Add;
			sourceTree = "<group>";
		};
		9E0D9A6B1C44AA2F0049A76C /* Controller */ = {
			isa = PBXGroup;
			children = (
				9E1BB5F81C48E03E001E9AC5 /* AddController.h */,
				9E1BB5F91C48E03E001E9AC5 /* AddrController.m */,
			);
			path = Controller;
			sourceTree = "<group>";
		};
		9E0D9A6C1C44AA2F0049A76C /* Model */ = {
			isa = PBXGroup;
			children = (
			);
			path = Model;
			sourceTree = "<group>";
		};
		9E0D9A6D1C44AA2F0049A76C /* Other */ = {
			isa = PBXGroup;
			children = (
			);
			path = Other;
			sourceTree = "<group>";
		};
		9E0D9A6E1C44AA2F0049A76C /* View */ = {
			isa = PBXGroup;
			children = (
				9E42C3C31C462AE1008F55B2 /* AddTableViewCell.h */,
				9E42C3C41C462AE1008F55B2 /* AddTableViewCell.m */,
			);
			path = View;
			sourceTree = "<group>";
		};
		9E0D9A6F1C44AA2F0049A76C /* Discover */ = {
			isa = PBXGroup;
			children = (
				9E0D9A701C44AA2F0049A76C /* Controller  */,
				9E0D9A731C44AA2F0049A76C /* Model */,
				9E0D9A741C44AA2F0049A76C /* Other */,
				9E0D9A751C44AA2F0049A76C /* View */,
			);
			path = Discover;
			sourceTree = "<group>";
		};
		9E0D9A701C44AA2F0049A76C /* Controller  */ = {
			isa = PBXGroup;
			children = (
				9E0D9A711C44AA2F0049A76C /* DiscoverController.h */,
				9E0D9A721C44AA2F0049A76C /* DiscoverController.m */,
			);
			path = "Controller ";
			sourceTree = "<group>";
		};
		9E0D9A731C44AA2F0049A76C /* Model */ = {
			isa = PBXGroup;
			children = (
			);
			path = Model;
			sourceTree = "<group>";
		};
		9E0D9A741C44AA2F0049A76C /* Other */ = {
			isa = PBXGroup;
			children = (
			);
			path = Other;
			sourceTree = "<group>";
		};
		9E0D9A751C44AA2F0049A76C /* View */ = {
			isa = PBXGroup;
			children = (
				9E0D9A761C44AA2F0049A76C /* DiscoverContViewCell.h */,
				9E0D9A771C44AA2F0049A76C /* DiscoverContViewCell.m */,
			);
			path = View;
			sourceTree = "<group>";
		};
		9E50B5A41C43B77400A93113 = {
			isa = PBXGroup;
			children = (
				9E50B5AF1C43B77400A93113 /* 通用框架 */,
				9E50B5C91C43B77400A93113 /* 通用框架Tests */,
				9E50B5D41C43B77400A93113 /* 通用框架UITests */,
				9E50B5AE1C43B77400A93113 /* Products */,
				C604A6D085494741E8F45761 /* Pods */,
				A7B9254E613664DE4391805C /* Frameworks */,
			);
			sourceTree = "<group>";
		};
		9E50B5AE1C43B77400A93113 /* Products */ = {
			isa = PBXGroup;
			children = (
				9E50B5AD1C43B77400A93113 /* 通用框架.app */,
				9E50B5C61C43B77400A93113 /* 通用框架Tests.xctest */,
				9E50B5D11C43B77400A93113 /* 通用框架UITests.xctest */,
			);
			name = Products;
			sourceTree = "<group>";
		};
		9E50B5AF1C43B77400A93113 /* 通用框架 */ = {
			isa = PBXGroup;
			children = (
				9E50B5E31C43BB2400A93113 /* Classes */,
				9E50B5B01C43B77400A93113 /* Supporting Files */,
			);
			path = "通用框架";
			sourceTree = "<group>";
		};
		9E50B5B01C43B77400A93113 /* Supporting Files */ = {
			isa = PBXGroup;
			children = (
				9E50B5BC1C43B77400A93113 /* Assets.xcassets */,
				9E50B5BE1C43B77400A93113 /* LaunchScreen.storyboard */,
				9E50B5C11C43B77400A93113 /* Info.plist */,
				9E50B5B11C43B77400A93113 /* main.m */,
				9E50B60D1C43BF7900A93113 /* Prefix.pch */,
			);
			name = "Supporting Files";
			sourceTree = "<group>";
		};
		9E50B5C91C43B77400A93113 /* 通用框架Tests */ = {
			isa = PBXGroup;
			children = (
				9E50B5CA1C43B77400A93113 /* ____Tests.m */,
				9E50B5CC1C43B77400A93113 /* Info.plist */,
			);
			path = "通用框架Tests";
			sourceTree = "<group>";
		};
		9E50B5D41C43B77400A93113 /* 通用框架UITests */ = {
			isa = PBXGroup;
			children = (
				9E50B5D51C43B77400A93113 /* ____UITests.m */,
				9E50B5D71C43B77400A93113 /* Info.plist */,
			);
			path = "通用框架UITests";
			sourceTree = "<group>";
		};
		9E50B5E31C43BB2400A93113 /* Classes */ = {
			isa = PBXGroup;
			children = (
				9E50B5F31C43BB2400A93113 /* Message */,
				9E50B5F81C43BB2400A93113 /* Profile */,
				9E50B5E91C43BB2400A93113 /* Home */,
				9E0D9A681C44AA2F0049A76C /* Add */,
				9E0D9A6F1C44AA2F0049A76C /* Discover */,
				9E0D9A601C44878F0049A76C /* More */,
				9E50B5EE1C43BB2400A93113 /* Main */,
			);
			path = Classes;
			sourceTree = "<group>";
		};
		9E50B5E91C43BB2400A93113 /* Home */ = {
			isa = PBXGroup;
			children = (
				9E50B5EA1C43BB2400A93113 /* Controller  */,
				9E50B5EB1C43BB2400A93113 /* Model */,
				9E50B5EC1C43BB2400A93113 /* Other */,
				9E50B5ED1C43BB2400A93113 /* View */,
			);
			path = Home;
			sourceTree = "<group>";
		};
		9E50B5EA1C43BB2400A93113 /* Controller  */ = {
			isa = PBXGroup;
			children = (
				9E50B6011C43BBB900A93113 /* HomeController.h */,
				9E50B6021C43BBB900A93113 /* HomeController.m */,
			);
			path = "Controller ";
			sourceTree = "<group>";
		};
		9E50B5EB1C43BB2400A93113 /* Model */ = {
			isa = PBXGroup;
			children = (
			);
			path = Model;
			sourceTree = "<group>";
		};
		9E50B5EC1C43BB2400A93113 /* Other */ = {
			isa = PBXGroup;
			children = (
			);
			path = Other;
			sourceTree = "<group>";
		};
		9E50B5ED1C43BB2400A93113 /* View */ = {
			isa = PBXGroup;
			children = (
				9E42C3D21C46A4A8008F55B2 /* UIView+setFrame.h */,
				9E42C3D31C46A4A8008F55B2 /* UIView+setFrame.m */,
				9E42C3C61C462AFC008F55B2 /* HomeTableViewCell.h */,
				9E42C3C71C462AFC008F55B2 /* HomeTableViewCell.m */,
			);
			path = View;
			sourceTree = "<group>";
		};
		9E50B5EE1C43BB2400A93113 /* Main */ = {
			isa = PBXGroup;
			children = (
				9E50B5EF1C43BB2400A93113 /* Controller  */,
				9E50B5F01C43BB2400A93113 /* Model */,
				9E50B5F11C43BB2400A93113 /* Other */,
				9E50B5F21C43BB2400A93113 /* View */,
			);
			path = Main;
			sourceTree = "<group>";
		};
		9E50B5EF1C43BB2400A93113 /* Controller  */ = {
			isa = PBXGroup;
			children = (
				9E50B60A1C43BC5500A93113 /* MainViewController.h */,
				9E50B60B1C43BC5500A93113 /* MainViewController.m */,
				9E0D9A591C44859F0049A76C /* MainTableViewController.h */,
				9E0D9A5A1C44859F0049A76C /* MainTableViewController.m */,
			);
			path = "Controller ";
			sourceTree = "<group>";
		};
		9E50B5F01C43BB2400A93113 /* Model */ = {
			isa = PBXGroup;
			children = (
			);
			path = Model;
			sourceTree = "<group>";
		};
		9E50B5F11C43BB2400A93113 /* Other */ = {
			isa = PBXGroup;
			children = (
				9E50B5B31C43B77400A93113 /* AppDelegate.h */,
				9E50B5B41C43B77400A93113 /* AppDelegate.m */,
			);
			path = Other;
			sourceTree = "<group>";
		};
		9E50B5F21C43BB2400A93113 /* View */ = {
			isa = PBXGroup;
			children = (
				9E42C3CF1C46343E008F55B2 /* MainTableView.h */,
				9E42C3D01C46343E008F55B2 /* MainTableView.m */,
			);
			path = View;
			sourceTree = "<group>";
		};
		9E50B5F31C43BB2400A93113 /* Message */ = {
			isa = PBXGroup;
			children = (
				9E50B5F41C43BB2400A93113 /* Controller  */,
				9E50B5F51C43BB2400A93113 /* Model */,
				9E50B5F61C43BB2400A93113 /* Other */,
				9E50B5F71C43BB2400A93113 /* View */,
			);
			path = Message;
			sourceTree = "<group>";
		};
		9E50B5F41C43BB2400A93113 /* Controller  */ = {
			isa = PBXGroup;
			children = (
				9E50B6041C43BBD600A93113 /* MessageController.h */,
				9E50B6051C43BBD600A93113 /* MessageController.m */,
			);
			path = "Controller ";
			sourceTree = "<group>";
		};
		9E50B5F51C43BB2400A93113 /* Model */ = {
			isa = PBXGroup;
			children = (
			);
			path = Model;
			sourceTree = "<group>";
		};
		9E50B5F61C43BB2400A93113 /* Other */ = {
			isa = PBXGroup;
			children = (
			);
			path = Other;
			sourceTree = "<group>";
		};
		9E50B5F71C43BB2400A93113 /* View */ = {
			isa = PBXGroup;
			children = (
				9E42C3C91C462B13008F55B2 /* MessageTableViewCell.h */,
				9E42C3CA1C462B13008F55B2 /* MessageTableViewCell.m */,
			);
			path = View;
			sourceTree = "<group>";
		};
		9E50B5F81C43BB2400A93113 /* Profile */ = {
			isa = PBXGroup;
			children = (
				9E50B5F91C43BB2400A93113 /* Controller  */,
				9E50B5FA1C43BB2400A93113 /* Model */,
				9E50B5FB1C43BB2400A93113 /* Other */,
				9E50B5FC1C43BB2400A93113 /* View */,
			);
			path = Profile;
			sourceTree = "<group>";
		};
		9E50B5F91C43BB2400A93113 /* Controller  */ = {
			isa = PBXGroup;
			children = (
				9E50B6071C43BBF800A93113 /* ProfileController.h */,
				9E50B6081C43BBF800A93113 /* ProfileController.m */,
			);
			path = "Controller ";
			sourceTree = "<group>";
		};
		9E50B5FA1C43BB2400A93113 /* Model */ = {
			isa = PBXGroup;
			children = (
			);
			path = Model;
			sourceTree = "<group>";
		};
		9E50B5FB1C43BB2400A93113 /* Other */ = {
			isa = PBXGroup;
			children = (
			);
			path = Other;
			sourceTree = "<group>";
		};
		9E50B5FC1C43BB2400A93113 /* View */ = {
			isa = PBXGroup;
			children = (
				9E42C3CC1C462B35008F55B2 /* ProfileTableViewCell.h */,
				9E42C3CD1C462B35008F55B2 /* ProfileTableViewCell.m */,
			);
			path = View;
			sourceTree = "<group>";
		};
		A7B9254E613664DE4391805C /* Frameworks */ = {
			isa = PBXGroup;
			children = (
				9B5AA52396E5E914BCC7CBA6 /* libPods.a */,
			);
			name = Frameworks;
			sourceTree = "<group>";
		};
		C604A6D085494741E8F45761 /* Pods */ = {
			isa = PBXGroup;
			children = (
				4A82AE6F2FD347F22013D456 /* Pods.debug.xcconfig */,
				A214681DE2460A93FDAD746E /* Pods.release.xcconfig */,
			);
			name = Pods;
			sourceTree = "<group>";
		};
/* End PBXGroup section */

/* Begin PBXNativeTarget section */
		9E50B5AC1C43B77400A93113 /* 通用框架 */ = {
			isa = PBXNativeTarget;
			buildConfigurationList = 9E50B5DA1C43B77400A93113 /* Build configuration list for PBXNativeTarget "通用框架" */;
			buildPhases = (
				9834C5DF9F24F101D154811C /* Check Pods Manifest.lock */,
				9E50B5A91C43B77400A93113 /* Sources */,
				9E50B5AA1C43B77400A93113 /* Frameworks */,
				9E50B5AB1C43B77400A93113 /* Resources */,
				ECF49FC6A60317E691FEF1CD /* Embed Pods Frameworks */,
				FB3D888BDE0B5998A3A530FA /* Copy Pods Resources */,
			);
			buildRules = (
			);
			dependencies = (
			);
			name = "通用框架";
			productName = "通用框架";
			productReference = 9E50B5AD1C43B77400A93113 /* 通用框架.app */;
			productType = "com.apple.product-type.application";
		};
		9E50B5C51C43B77400A93113 /* 通用框架Tests */ = {
			isa = PBXNativeTarget;
			buildConfigurationList = 9E50B5DD1C43B77400A93113 /* Build configuration list for PBXNativeTarget "通用框架Tests" */;
			buildPhases = (
				9E50B5C21C43B77400A93113 /* Sources */,
				9E50B5C31C43B77400A93113 /* Frameworks */,
				9E50B5C41C43B77400A93113 /* Resources */,
			);
			buildRules = (
			);
			dependencies = (
				9E50B5C81C43B77400A93113 /* PBXTargetDependency */,
			);
			name = "通用框架Tests";
			productName = "通用框架Tests";
			productReference = 9E50B5C61C43B77400A93113 /* 通用框架Tests.xctest */;
			productType = "com.apple.product-type.bundle.unit-test";
		};
		9E50B5D01C43B77400A93113 /* 通用框架UITests */ = {
			isa = PBXNativeTarget;
			buildConfigurationList = 9E50B5E01C43B77400A93113 /* Build configuration list for PBXNativeTarget "通用框架UITests" */;
			buildPhases = (
				9E50B5CD1C43B77400A93113 /* Sources */,
				9E50B5CE1C43B77400A93113 /* Frameworks */,
				9E50B5CF1C43B77400A93113 /* Resources */,
			);
			buildRules = (
			);
			dependencies = (
				9E50B5D31C43B77400A93113 /* PBXTargetDependency */,
			);
			name = "通用框架UITests";
			productName = "通用框架UITests";
			productReference = 9E50B5D11C43B77400A93113 /* 通用框架UITests.xctest */;
			productType = "com.apple.product-type.bundle.ui-testing";
		};
/* End PBXNativeTarget section */

/* Begin PBXProject section */
		9E50B5A51C43B77400A93113 /* Project object */ = {
			isa = PBXProject;
			attributes = {
				LastUpgradeCheck = 0710;
				ORGANIZATIONNAME = Jusive;
				TargetAttributes = {
					9E50B5AC1C43B77400A93113 = {
						CreatedOnToolsVersion = 7.1;
						DevelopmentTeam = X8GMQZHZP8;
					};
					9E50B5C51C43B77400A93113 = {
						CreatedOnToolsVersion = 7.1;
						DevelopmentTeam = X8GMQZHZP8;
						TestTargetID = 9E50B5AC1C43B77400A93113;
					};
					9E50B5D01C43B77400A93113 = {
						CreatedOnToolsVersion = 7.1;
						DevelopmentTeam = X8GMQZHZP8;
						TestTargetID = 9E50B5AC1C43B77400A93113;
					};
				};
			};
			buildConfigurationList = 9E50B5A81C43B77400A93113 /* Build configuration list for PBXProject "通用框架" */;
			compatibilityVersion = "Xcode 3.2";
			developmentRegion = English;
			hasScannedForEncodings = 0;
			knownRegions = (
				en,
				Base,
			);
			mainGroup = 9E50B5A41C43B77400A93113;
			productRefGroup = 9E50B5AE1C43B77400A93113 /* Products */;
			projectDirPath = "";
			projectRoot = "";
			targets = (
				9E50B5AC1C43B77400A93113 /* 通用框架 */,
				9E50B5C51C43B77400A93113 /* 通用框架Tests */,
				9E50B5D01C43B77400A93113 /* 通用框架UITests */,
			);
		};
/* End PBXProject section */

/* Begin PBXResourcesBuildPhase section */
		9E50B5AB1C43B77400A93113 /* Resources */ = {
			isa = PBXResourcesBuildPhase;
			buildActionMask = 2147483647;
			files = (
				9E50B5C01C43B77400A93113 /* LaunchScreen.storyboard in Resources */,
				9E50B5BD1C43B77400A93113 /* Assets.xcassets in Resources */,
			);
			runOnlyForDeploymentPostprocessing = 0;
		};
		9E50B5C41C43B77400A93113 /* Resources */ = {
			isa = PBXResourcesBuildPhase;
			buildActionMask = 2147483647;
			files = (
			);
			runOnlyForDeploymentPostprocessing = 0;
		};
		9E50B5CF1C43B77400A93113 /* Resources */ = {
			isa = PBXResourcesBuildPhase;
			buildActionMask = 2147483647;
			files = (
			);
			runOnlyForDeploymentPostprocessing = 0;
		};
/* End PBXResourcesBuildPhase section */

/* Begin PBXShellScriptBuildPhase section */
		9834C5DF9F24F101D154811C /* Check Pods Manifest.lock */ = {
			isa = PBXShellScriptBuildPhase;
			buildActionMask = 2147483647;
			files = (
			);
			inputPaths = (
			);
			name = "Check Pods Manifest.lock";
			outputPaths = (
			);
			runOnlyForDeploymentPostprocessing = 0;
			shellPath = /bin/sh;
			shellScript = "diff \"${PODS_ROOT}/../Podfile.lock\" \"${PODS_ROOT}/Manifest.lock\" > /dev/null\nif [[ $? != 0 ]] ; then\n    cat << EOM\nerror: The sandbox is not in sync with the Podfile.lock. Run 'pod install' or update your CocoaPods installation.\nEOM\n    exit 1\nfi\n";
			showEnvVarsInLog = 0;
		};
		ECF49FC6A60317E691FEF1CD /* Embed Pods Frameworks */ = {
			isa = PBXShellScriptBuildPhase;
			buildActionMask = 2147483647;
			files = (
			);
			inputPaths = (
			);
			name = "Embed Pods Frameworks";
			outputPaths = (
			);
			runOnlyForDeploymentPostprocessing = 0;
			shellPath = /bin/sh;
			shellScript = "\"${SRCROOT}/Pods/Target Support Files/Pods/Pods-frameworks.sh\"\n";
			showEnvVarsInLog = 0;
		};
		FB3D888BDE0B5998A3A530FA /* Copy Pods Resources */ = {
			isa = PBXShellScriptBuildPhase;
			buildActionMask = 2147483647;
			files = (
			);
			inputPaths = (
			);
			name = "Copy Pods Resources";
			outputPaths = (
			);
			runOnlyForDeploymentPostprocessing = 0;
			shellPath = /bin/sh;
			shellScript = "\"${SRCROOT}/Pods/Target Support Files/Pods/Pods-resources.sh\"\n";
			showEnvVarsInLog = 0;
		};
/* End PBXShellScriptBuildPhase section */

/* Begin PBXSourcesBuildPhase section */
		9E50B5A91C43B77400A93113 /* Sources */ = {
			isa = PBXSourcesBuildPhase;
			buildActionMask = 2147483647;
			files = (
				9E50B6031C43BBB900A93113 /* HomeController.m in Sources */,
				9E42C3C51C462AE1008F55B2 /* AddTableViewCell.m in Sources */,
				9E1BB5FA1C48E03E001E9AC5 /* AddrController.m in Sources */,
				9E42C3D11C46343E008F55B2 /* MainTableView.m in Sources */,
				9E42C3C81C462AFC008F55B2 /* HomeTableViewCell.m in Sources */,
				9E0D9A671C44878F0049A76C /* MoreViewController.m in Sources */,
				9E42C3CB1C462B13008F55B2 /* MessageTableViewCell.m in Sources */,
				9E0D9A7A1C44AA2F0049A76C /* DiscoverContViewCell.m in Sources */,
				9E0D9A791C44AA2F0049A76C /* DiscoverController.m in Sources */,
				9E50B6061C43BBD600A93113 /* MessageController.m in Sources */,
				9E50B5B51C43B77400A93113 /* AppDelegate.m in Sources */,
				9E42C3CE1C462B35008F55B2 /* ProfileTableViewCell.m in Sources */,
				9E42C3D41C46A4A8008F55B2 /* UIView+setFrame.m in Sources */,
				9E50B60C1C43BC5500A93113 /* MainViewController.m in Sources */,
				9E50B5B21C43B77400A93113 /* main.m in Sources */,
				9E0D9A5B1C44859F0049A76C /* MainTableViewController.m in Sources */,
				9E50B6091C43BBF800A93113 /* ProfileController.m in Sources */,
			);
			runOnlyForDeploymentPostprocessing = 0;
		};
		9E50B5C21C43B77400A93113 /* Sources */ = {
			isa = PBXSourcesBuildPhase;
			buildActionMask = 2147483647;
			files = (
				9E50B5CB1C43B77400A93113 /* ____Tests.m in Sources */,
			);
			runOnlyForDeploymentPostprocessing = 0;
		};
		9E50B5CD1C43B77400A93113 /* Sources */ = {
			isa = PBXSourcesBuildPhase;
			buildActionMask = 2147483647;
			files = (
				9E50B5D61C43B77400A93113 /* ____UITests.m in Sources */,
			);
			runOnlyForDeploymentPostprocessing = 0;
		};
/* End PBXSourcesBuildPhase section */

/* Begin PBXTargetDependency section */
		9E50B5C81C43B77400A93113 /* PBXTargetDependency */ = {
			isa = PBXTargetDependency;
			target = 9E50B5AC1C43B77400A93113 /* 通用框架 */;
			targetProxy = 9E50B5C71C43B77400A93113 /* PBXContainerItemProxy */;
		};
		9E50B5D31C43B77400A93113 /* PBXTargetDependency */ = {
			isa = PBXTargetDependency;
			target = 9E50B5AC1C43B77400A93113 /* 通用框架 */;
			targetProxy = 9E50B5D21C43B77400A93113 /* PBXContainerItemProxy */;
		};
/* End PBXTargetDependency section */

/* Begin PBXVariantGroup section */
		9E50B5BE1C43B77400A93113 /* LaunchScreen.storyboard */ = {
			isa = PBXVariantGroup;
			children = (
				9E50B5BF1C43B77400A93113 /* Base */,
			);
			name = LaunchScreen.storyboard;
			sourceTree = "<group>";
		};
/* End PBXVariantGroup section */

/* Begin XCBuildConfiguration section */
		9E50B5D81C43B77400A93113 /* Debug */ = {
			isa = XCBuildConfiguration;
			buildSettings = {
				ALWAYS_SEARCH_USER_PATHS = NO;
				CLANG_CXX_LANGUAGE_STANDARD = "gnu++0x";
				CLANG_CXX_LIBRARY = "libc++";
				CLANG_ENABLE_MODULES = YES;
				CLANG_ENABLE_OBJC_ARC = YES;
				CLANG_WARN_BOOL_CONVERSION = YES;
				CLANG_WARN_CONSTANT_CONVERSION = YES;
				CLANG_WARN_DIRECT_OBJC_ISA_USAGE = YES_ERROR;
				CLANG_WARN_EMPTY_BODY = YES;
				CLANG_WARN_ENUM_CONVERSION = YES;
				CLANG_WARN_INT_CONVERSION = YES;
				CLANG_WARN_OBJC_ROOT_CLASS = YES_ERROR;
				CLANG_WARN_UNREACHABLE_CODE = YES;
				CLANG_WARN__DUPLICATE_METHOD_MATCH = YES;
				"CODE_SIGN_IDENTITY[sdk=iphoneos*]" = "iPhone Developer";
				COPY_PHASE_STRIP = NO;
				DEBUG_INFORMATION_FORMAT = dwarf;
				ENABLE_STRICT_OBJC_MSGSEND = YES;
				ENABLE_TESTABILITY = YES;
				GCC_C_LANGUAGE_STANDARD = gnu99;
				GCC_DYNAMIC_NO_PIC = NO;
				GCC_NO_COMMON_BLOCKS = YES;
				GCC_OPTIMIZATION_LEVEL = 0;
				GCC_PREPROCESSOR_DEFINITIONS = (
					"DEBUG=1",
					"$(inherited)",
				);
				GCC_WARN_64_TO_32_BIT_CONVERSION = YES;
				GCC_WARN_ABOUT_RETURN_TYPE = YES_ERROR;
				GCC_WARN_UNDECLARED_SELECTOR = YES;
				GCC_WARN_UNINITIALIZED_AUTOS = YES_AGGRESSIVE;
				GCC_WARN_UNUSED_FUNCTION = YES;
				GCC_WARN_UNUSED_VARIABLE = YES;
				IPHONEOS_DEPLOYMENT_TARGET = 9.1;
				MTL_ENABLE_DEBUG_INFO = YES;
				ONLY_ACTIVE_ARCH = YES;
				SDKROOT = iphoneos;
				TARGETED_DEVICE_FAMILY = "1,2";
			};
			name = Debug;
		};
		9E50B5D91C43B77400A93113 /* Release */ = {
			isa = XCBuildConfiguration;
			buildSettings = {
				ALWAYS_SEARCH_USER_PATHS = NO;
				CLANG_CXX_LANGUAGE_STANDARD = "gnu++0x";
				CLANG_CXX_LIBRARY = "libc++";
				CLANG_ENABLE_MODULES = YES;
				CLANG_ENABLE_OBJC_ARC = YES;
				CLANG_WARN_BOOL_CONVERSION = YES;
				CLANG_WARN_CONSTANT_CONVERSION = YES;
				CLANG_WARN_DIRECT_OBJC_ISA_USAGE = YES_ERROR;
				CLANG_WARN_EMPTY_BODY = YES;
				CLANG_WARN_ENUM_CONVERSION = YES;
				CLANG_WARN_INT_CONVERSION = YES;
				CLANG_WARN_OBJC_ROOT_CLASS = YES_ERROR;
				CLANG_WARN_UNREACHABLE_CODE = YES;
				CLANG_WARN__DUPLICATE_METHOD_MATCH = YES;
				"CODE_SIGN_IDENTITY[sdk=iphoneos*]" = "iPhone Developer";
				COPY_PHASE_STRIP = NO;
				DEBUG_INFORMATION_FORMAT = "dwarf-with-dsym";
				ENABLE_NS_ASSERTIONS = NO;
				ENABLE_STRICT_OBJC_MSGSEND = YES;
				GCC_C_LANGUAGE_STANDARD = gnu99;
				GCC_NO_COMMON_BLOCKS = YES;
				GCC_WARN_64_TO_32_BIT_CONVERSION = YES;
				GCC_WARN_ABOUT_RETURN_TYPE = YES_ERROR;
				GCC_WARN_UNDECLARED_SELECTOR = YES;
				GCC_WARN_UNINITIALIZED_AUTOS = YES_AGGRESSIVE;
				GCC_WARN_UNUSED_FUNCTION = YES;
				GCC_WARN_UNUSED_VARIABLE = YES;
				IPHONEOS_DEPLOYMENT_TARGET = 9.1;
				MTL_ENABLE_DEBUG_INFO = NO;
				SDKROOT = iphoneos;
				TARGETED_DEVICE_FAMILY = "1,2";
				VALIDATE_PRODUCT = YES;
			};
			name = Release;
		};
		9E50B5DB1C43B77400A93113 /* Debug */ = {
			isa = XCBuildConfiguration;
			baseConfigurationReference = 4A82AE6F2FD347F22013D456 /* Pods.debug.xcconfig */;
			buildSettings = {
				ASSETCATALOG_COMPILER_APPICON_NAME = AppIcon;
				INFOPLIST_FILE = "通用框架/Info.plist";
				LD_RUNPATH_SEARCH_PATHS = "$(inherited) @executable_path/Frameworks";
				PRODUCT_BUNDLE_IDENTIFIER = "com.jusive.----";
				PRODUCT_NAME = "$(TARGET_NAME)";
			};
			name = Debug;
		};
		9E50B5DC1C43B77400A93113 /* Release */ = {
			isa = XCBuildConfiguration;
			baseConfigurationReference = A214681DE2460A93FDAD746E /* Pods.release.xcconfig */;
			buildSettings = {
				ASSETCATALOG_COMPILER_APPICON_NAME = AppIcon;
				INFOPLIST_FILE = "通用框架/Info.plist";
				LD_RUNPATH_SEARCH_PATHS = "$(inherited) @executable_path/Frameworks";
				PRODUCT_BUNDLE_IDENTIFIER = "com.jusive.----";
				PRODUCT_NAME = "$(TARGET_NAME)";
			};
			name = Release;
		};
		9E50B5DE1C43B77400A93113 /* Debug */ = {
			isa = XCBuildConfiguration;
			buildSettings = {
				BUNDLE_LOADER = "$(TEST_HOST)";
				INFOPLIST_FILE = "通用框架Tests/Info.plist";
				LD_RUNPATH_SEARCH_PATHS = "$(inherited) @executable_path/Frameworks @loader_path/Frameworks";
				PRODUCT_BUNDLE_IDENTIFIER = "com.jusive.----Tests";
				PRODUCT_NAME = "$(TARGET_NAME)";
				TEST_HOST = "$(BUILT_PRODUCTS_DIR)/通用框架.app/通用框架";
			};
			name = Debug;
		};
		9E50B5DF1C43B77400A93113 /* Release */ = {
			isa = XCBuildConfiguration;
			buildSettings = {
				BUNDLE_LOADER = "$(TEST_HOST)";
				INFOPLIST_FILE = "通用框架Tests/Info.plist";
				LD_RUNPATH_SEARCH_PATHS = "$(inherited) @executable_path/Frameworks @loader_path/Frameworks";
				PRODUCT_BUNDLE_IDENTIFIER = "com.jusive.----Tests";
				PRODUCT_NAME = "$(TARGET_NAME)";
				TEST_HOST = "$(BUILT_PRODUCTS_DIR)/通用框架.app/通用框架";
			};
			name = Release;
		};
		9E50B5E11C43B77400A93113 /* Debug */ = {
			isa = XCBuildConfiguration;
			buildSettings = {
				INFOPLIST_FILE = "通用框架UITests/Info.plist";
				LD_RUNPATH_SEARCH_PATHS = "$(inherited) @executable_path/Frameworks @loader_path/Frameworks";
				PRODUCT_BUNDLE_IDENTIFIER = "com.jusive.----UITests";
				PRODUCT_NAME = "$(TARGET_NAME)";
				TEST_TARGET_NAME = "通用框架";
				USES_XCTRUNNER = YES;
			};
			name = Debug;
		};
		9E50B5E21C43B77400A93113 /* Release */ = {
			isa = XCBuildConfiguration;
			buildSettings = {
				INFOPLIST_FILE = "通用框架UITests/Info.plist";
				LD_RUNPATH_SEARCH_PATHS = "$(inherited) @executable_path/Frameworks @loader_path/Frameworks";
				PRODUCT_BUNDLE_IDENTIFIER = "com.jusive.----UITests";
				PRODUCT_NAME = "$(TARGET_NAME)";
				TEST_TARGET_NAME = "通用框架";
				USES_XCTRUNNER = YES;
			};
			name = Release;
		};
/* End XCBuildConfiguration section */

/* Begin XCConfigurationList section */
		9E50B5A81C43B77400A93113 /* Build configuration list for PBXProject "通用框架" */ = {
			isa = XCConfigurationList;
			buildConfigurations = (
				9E50B5D81C43B77400A93113 /* Debug */,
				9E50B5D91C43B77400A93113 /* Release */,
			);
			defaultConfigurationIsVisible = 0;
			defaultConfigurationName = Release;
		};
		9E50B5DA1C43B77400A93113 /* Build configuration list for PBXNativeTarget "通用框架" */ = {
			isa = XCConfigurationList;
			buildConfigurations = (
				9E50B5DB1C43B77400A93113 /* Debug */,
				9E50B5DC1C43B77400A93113 /* Release */,
			);
			defaultConfigurationIsVisible = 0;
			defaultConfigurationName = Release;
		};
		9E50B5DD1C43B77400A93113 /* Build configuration list for PBXNativeTarget "通用框架Tests" */ = {
			isa = XCConfigurationList;
			buildConfigurations = (
				9E50B5DE1C43B77400A93113 /* Debug */,
				9E50B5DF1C43B77400A93113 /* Release */,
			);
			defaultConfigurationIsVisible = 0;
			defaultConfigurationName = Release;
		};
		9E50B5E01C43B77400A93113 /* Build configuration list for PBXNativeTarget "通用框架UITests" */ = {
			isa = XCConfigurationList;
			buildConfigurations = (
				9E50B5E11C43B77400A93113 /* Debug */,
				9E50B5E21C43B77400A93113 /* Release */,
			);
			defaultConfigurationIsVisible = 0;
			defaultConfigurationName = Release;
		};
/* End XCConfigurationList section */
	};
	rootObject = 9E50B5A51C43B77400A93113 /* Project object */;
}
